
Microsoft Visual Studio Solution File, Format Version 12.00
# Visual Studio Version 16
VisualStudioVersion = 16.0.30611.23
MinimumVisualStudioVersion = 10.0.40219.1
Project("{9A19103F-16F7-4668-BE54-9A1E7A4F7556}") = "ArquitectChallenge.Domain", "ArquitectChallenge.Domain\ArquitectChallenge.Domain.csproj", "{9E66DD9D-AEE2-4A22-B0C5-6F5057496F73}"
EndProject
Project("{9A19103F-16F7-4668-BE54-9A1E7A4F7556}") = "ArquitectChallenge.Interfaces", "ArquitectChallenge.Interfaces\ArquitectChallenge.Interfaces.csproj", "{4645009E-D7A8-4BD9-9067-9FAAF660F824}"
EndProject
Project("{9A19103F-16F7-4668-BE54-9A1E7A4F7556}") = "ArquitectChallenge.Configuration", "ArquitectChallenge.Configuration\ArquitectChallenge.Configuration.csproj", "{637B130C-DD1F-4636-80BE-BBB53F22B044}"
EndProject
Project("{9A19103F-16F7-4668-BE54-9A1E7A4F7556}") = "ArquitectChallenge.Services", "ArquitectChallenge.Services\ArquitectChallenge.Services.csproj", "{9DDAC7E2-37DF-418A-B141-E7909A5F346C}"
EndProject
Project("{9A19103F-16F7-4668-BE54-9A1E7A4F7556}") = "ArquitectChallenge.API", "ArquitectChallenge.API\ArquitectChallenge.API.csproj", "{6164E273-9877-4D26-B54F-B1D863818711}"
EndProject
Project("{FAE04EC0-301F-11D3-BF4B-00C04F79EFBC}") = "ArquitectChallenge.UnitTests", "ArquitectChallenge.UnitTests\ArquitectChallenge.UnitTests.csproj", "{EE228C9D-A77A-42D3-8586-29B75627C0BD}"
EndProject
Global
	GlobalSection(SolutionConfigurationPlatforms) = preSolution
		Debug|Any CPU = Debug|Any CPU
		Release|Any CPU = Release|Any CPU
	EndGlobalSection
	GlobalSection(ProjectConfigurationPlatforms) = postSolution
		{9E66DD9D-AEE2-4A22-B0C5-6F5057496F73}.Debug|Any CPU.ActiveCfg = Debug|Any CPU
		{9E66DD9D-AEE2-4A22-B0C5-6F5057496F73}.Debug|Any CPU.Build.0 = Debug|Any CPU
		{9E66DD9D-AEE2-4A22-B0C5-6F5057496F73}.Release|Any CPU.ActiveCfg = Release|Any CPU
		{9E66DD9D-AEE2-4A22-B0C5-6F5057496F73}.Release|Any CPU.Build.0 = Release|Any CPU
		{4645009E-D7A8-4BD9-9067-9FAAF660F824}.Debug|Any CPU.ActiveCfg = Debug|Any CPU
		{4645009E-D7A8-4BD9-9067-9FAAF660F824}.Debug|Any CPU.Build.0 = Debug|Any CPU
		{4645009E-D7A8-4BD9-9067-9FAAF660F824}.Release|Any CPU.ActiveCfg = Release|Any CPU
		{4645009E-D7A8-4BD9-9067-9FAAF660F824}.Release|Any CPU.Build.0 = Release|Any CPU
		{637B130C-DD1F-4636-80BE-BBB53F22B044}.Debug|Any CPU.ActiveCfg = Debug|Any CPU
		{637B130C-DD1F-4636-80BE-BBB53F22B044}.Debug|Any CPU.Build.0 = Debug|Any CPU
		{637B130C-DD1F-4636-80BE-BBB53F22B044}.Release|Any CPU.ActiveCfg = Release|Any CPU
		{637B130C-DD1F-4636-80BE-BBB53F22B044}.Release|Any CPU.Build.0 = Release|Any CPU
		{9DDAC7E2-37DF-418A-B141-E7909A5F346C}.Debug|Any CPU.ActiveCfg = Debug|Any CPU
		{9DDAC7E2-37DF-418A-B141-E7909A5F346C}.Debug|Any CPU.Build.0 = Debug|Any CPU
		{9DDAC7E2-37DF-418A-B141-E7909A5F346C}.Release|Any CPU.ActiveCfg = Release|Any CPU
		{9DDAC7E2-37DF-418A-B141-E7909A5F346C}.Release|Any CPU.Build.0 = Release|Any CPU
		{6164E273-9877-4D26-B54F-B1D863818711}.Debug|Any CPU.ActiveCfg = Debug|Any CPU
		{6164E273-9877-4D26-B54F-B1D863818711}.Debug|Any CPU.Build.0 = Debug|Any CPU
		{6164E273-9877-4D26-B54F-B1D863818711}.Release|Any CPU.ActiveCfg = Release|Any CPU
		{6164E273-9877-4D26-B54F-B1D863818711}.Release|Any CPU.Build.0 = Release|Any CPU
		{EE228C9D-A77A-42D3-8586-29B75627C0BD}.Debug|Any CPU.ActiveCfg = Debug|Any CPU
		{EE228C9D-A77A-42D3-8586-29B75627C0BD}.Debug|Any CPU.Build.0 = Debug|Any CPU
		{EE228C9D-A77A-42D3-8586-29B75627C0BD}.Release|Any CPU.ActiveCfg = Release|Any CPU
		{EE228C9D-A77A-42D3-8586-29B75627C0BD}.Release|Any CPU.Build.0 = Release|Any CPU
	EndGlobalSection
	GlobalSection(SolutionProperties) = preSolution
		HideSolutionNode = FALSE
	EndGlobalSection
	GlobalSection(ExtensibilityGlobals) = postSolution
		SolutionGuid = {C991D833-E609-4C54-B9F0-73C473A7BE31}
	EndGlobalSection
EndGlobal
