
Microsoft Visual Studio Solution File, Format Version 12.00
# Visual Studio Version 16
VisualStudioVersion = 16.0.30611.23
MinimumVisualStudioVersion = 10.0.40219.1
Project("{9A19103F-16F7-4668-BE54-9A1E7A4F7556}") = "ArquitectChallenge.Domain", "ArquitectChallenge.Domain\ArquitectChallenge.Domain.csproj", "{9E66DD9D-AEE2-4A22-B0C5-6F5057496F73}"
EndProject
Project("{FAE04EC0-301F-11D3-BF4B-00C04F79EFBC}") = "ArquitectChallenge.WebAPI", "ArquitectChallenge.WebAPI\ArquitectChallenge.WebAPI.csproj", "{49B46A21-F8CB-4BF0-ADF5-4F677B5C3AE8}"
EndProject
Project("{FAE04EC0-301F-11D3-BF4B-00C04F79EFBC}") = "ArquitectChallenge.Interfaces", "ArquitectChallenge.Interfaces\ArquitectChallenge.Interfaces.csproj", "{4645009E-D7A8-4BD9-9067-9FAAF660F824}"
EndProject
Global
	GlobalSection(SolutionConfigurationPlatforms) = preSolution
		Debug|Any CPU = Debug|Any CPU
		Release|Any CPU = Release|Any CPU
	EndGlobalSection
	GlobalSection(ProjectConfigurationPlatforms) = postSolution
		{9E66DD9D-AEE2-4A22-B0C5-6F5057496F73}.Debug|Any CPU.ActiveCfg = Debug|Any CPU
		{9E66DD9D-AEE2-4A22-B0C5-6F5057496F73}.Debug|Any CPU.Build.0 = Debug|Any CPU
		{9E66DD9D-AEE2-4A22-B0C5-6F5057496F73}.Release|Any CPU.ActiveCfg = Release|Any CPU
		{9E66DD9D-AEE2-4A22-B0C5-6F5057496F73}.Release|Any CPU.Build.0 = Release|Any CPU
		{49B46A21-F8CB-4BF0-ADF5-4F677B5C3AE8}.Debug|Any CPU.ActiveCfg = Debug|Any CPU
		{49B46A21-F8CB-4BF0-ADF5-4F677B5C3AE8}.Debug|Any CPU.Build.0 = Debug|Any CPU
		{49B46A21-F8CB-4BF0-ADF5-4F677B5C3AE8}.Release|Any CPU.ActiveCfg = Release|Any CPU
		{49B46A21-F8CB-4BF0-ADF5-4F677B5C3AE8}.Release|Any CPU.Build.0 = Release|Any CPU
		{4645009E-D7A8-4BD9-9067-9FAAF660F824}.Debug|Any CPU.ActiveCfg = Debug|Any CPU
		{4645009E-D7A8-4BD9-9067-9FAAF660F824}.Debug|Any CPU.Build.0 = Debug|Any CPU
		{4645009E-D7A8-4BD9-9067-9FAAF660F824}.Release|Any CPU.ActiveCfg = Release|Any CPU
		{4645009E-D7A8-4BD9-9067-9FAAF660F824}.Release|Any CPU.Build.0 = Release|Any CPU
	EndGlobalSection
	GlobalSection(SolutionProperties) = preSolution
		HideSolutionNode = FALSE
	EndGlobalSection
	GlobalSection(ExtensibilityGlobals) = postSolution
		SolutionGuid = {C991D833-E609-4C54-B9F0-73C473A7BE31}
	EndGlobalSection
EndGlobal
